
Microsoft Visual Studio Solution File, Format Version 12.00
# Visual Studio Version 17
VisualStudioVersion = 17.8.34330.188
MinimumVisualStudioVersion = 10.0.40219.1
Project("{FAE04EC0-301F-11D3-BF4B-00C04F79EFBC}") = "calc", "calc.csproj", "{D176CC5B-9ECA-48FD-9838-F106762A4F96}"
EndProject
Global
	GlobalSection(SolutionConfigurationPlatforms) = preSolution
		Debug|Any CPU = Debug|Any CPU
		Release|Any CPU = Release|Any CPU
	EndGlobalSection
	GlobalSection(ProjectConfigurationPlatforms) = postSolution
		{D176CC5B-9ECA-48FD-9838-F106762A4F96}.Debug|Any CPU.ActiveCfg = Debug|Any CPU
		{D176CC5B-9ECA-48FD-9838-F106762A4F96}.Debug|Any CPU.Build.0 = Debug|Any CPU
		{D176CC5B-9ECA-48FD-9838-F106762A4F96}.Release|Any CPU.ActiveCfg = Release|Any CPU
		{D176CC5B-9ECA-48FD-9838-F106762A4F96}.Release|Any CPU.Build.0 = Release|Any CPU
	EndGlobalSection
	GlobalSection(SolutionProperties) = preSolution
		HideSolutionNode = FALSE
	EndGlobalSection
	GlobalSection(ExtensibilityGlobals) = postSolution
		SolutionGuid = {D38CBCF5-B210-4C7D-9244-FD0E61CDF71D}
	EndGlobalSection
EndGlobal
