
Microsoft Visual Studio Solution File, Format Version 12.00
# Visual Studio Version 17
VisualStudioVersion = 17.8.34330.188
MinimumVisualStudioVersion = 10.0.40219.1
Project("{FAE04EC0-301F-11D3-BF4B-00C04F79EFBC}") = "fyff", "fyff.csproj", "{AF986D6B-7FE7-4A6D-BEAB-7CEA76FD3C66}"
EndProject
Global
	GlobalSection(SolutionConfigurationPlatforms) = preSolution
		Debug|Any CPU = Debug|Any CPU
		Release|Any CPU = Release|Any CPU
	EndGlobalSection
	GlobalSection(ProjectConfigurationPlatforms) = postSolution
		{AF986D6B-7FE7-4A6D-BEAB-7CEA76FD3C66}.Debug|Any CPU.ActiveCfg = Debug|Any CPU
		{AF986D6B-7FE7-4A6D-BEAB-7CEA76FD3C66}.Debug|Any CPU.Build.0 = Debug|Any CPU
		{AF986D6B-7FE7-4A6D-BEAB-7CEA76FD3C66}.Release|Any CPU.ActiveCfg = Release|Any CPU
		{AF986D6B-7FE7-4A6D-BEAB-7CEA76FD3C66}.Release|Any CPU.Build.0 = Release|Any CPU
	EndGlobalSection
	GlobalSection(SolutionProperties) = preSolution
		HideSolutionNode = FALSE
	EndGlobalSection
	GlobalSection(ExtensibilityGlobals) = postSolution
		SolutionGuid = {26080453-57AD-4104-A5A7-B86BBBAF5A89}
	EndGlobalSection
EndGlobal
